// !$*UTF8*$!
{
	archiveVersion = 1;
	classes = {
	};
	objectVersion = 51;
	objects = {

/* Begin PBXBuildFile section */
		4C6642DEB78C9D6533D3BFC6 /* Pods_myUberClone.framework in Frameworks */ = {isa = PBXBuildFile; fileRef = 32E375528CC7D470F6CC378E /* Pods_myUberClone.framework */; };
		9D04ECC523E9ED0E004FC669 /* GoogleService-Info.plist in Resources */ = {isa = PBXBuildFile; fileRef = 9D04ECC423E9ED0E004FC669 /* GoogleService-Info.plist */; };
		9D04ECC823E9F902004FC669 /* PhoneLoginVC.swift in Sources */ = {isa = PBXBuildFile; fileRef = 9D04ECC723E9F902004FC669 /* PhoneLoginVC.swift */; };
		9D04ECCA23EA14B0004FC669 /* OtpVC.swift in Sources */ = {isa = PBXBuildFile; fileRef = 9D04ECC923EA14B0004FC669 /* OtpVC.swift */; };
		9DA919F323E91673008F837C /* AppDelegate.swift in Sources */ = {isa = PBXBuildFile; fileRef = 9DA919F223E91673008F837C /* AppDelegate.swift */; };
		9DA919F523E91673008F837C /* SceneDelegate.swift in Sources */ = {isa = PBXBuildFile; fileRef = 9DA919F423E91673008F837C /* SceneDelegate.swift */; };
		9DA919FA23E91673008F837C /* Main.storyboard in Resources */ = {isa = PBXBuildFile; fileRef = 9DA919F823E91673008F837C /* Main.storyboard */; };
		9DA919FC23E91674008F837C /* Assets.xcassets in Resources */ = {isa = PBXBuildFile; fileRef = 9DA919FB23E91674008F837C /* Assets.xcassets */; };
		9DA919FF23E91674008F837C /* LaunchScreen.storyboard in Resources */ = {isa = PBXBuildFile; fileRef = 9DA919FD23E91674008F837C /* LaunchScreen.storyboard */; };
		9DA91A0C23E9181A008F837C /* LoginVC.swift in Sources */ = {isa = PBXBuildFile; fileRef = 9DA91A0B23E9181A008F837C /* LoginVC.swift */; };
		9DA91A0E23E91C77008F837C /* Extensions.swift in Sources */ = {isa = PBXBuildFile; fileRef = 9DA91A0D23E91C77008F837C /* Extensions.swift */; };
/* End PBXBuildFile section */

/* Begin PBXFileReference section */
		1A9179197DD5B282A5A9D14F /* Pods-myUberClone.release.xcconfig */ = {isa = PBXFileReference; includeInIndex = 1; lastKnownFileType = text.xcconfig; name = "Pods-myUberClone.release.xcconfig"; path = "Target Support Files/Pods-myUberClone/Pods-myUberClone.release.xcconfig"; sourceTree = "<group>"; };
		32E375528CC7D470F6CC378E /* Pods_myUberClone.framework */ = {isa = PBXFileReference; explicitFileType = wrapper.framework; includeInIndex = 0; path = Pods_myUberClone.framework; sourceTree = BUILT_PRODUCTS_DIR; };
		9656F8EE420399709726A90E /* Pods-myUberClone.debug.xcconfig */ = {isa = PBXFileReference; includeInIndex = 1; lastKnownFileType = text.xcconfig; name = "Pods-myUberClone.debug.xcconfig"; path = "Target Support Files/Pods-myUberClone/Pods-myUberClone.debug.xcconfig"; sourceTree = "<group>"; };
		9D04ECC423E9ED0E004FC669 /* GoogleService-Info.plist */ = {isa = PBXFileReference; fileEncoding = 4; lastKnownFileType = text.plist.xml; path = "GoogleService-Info.plist"; sourceTree = "<group>"; };
		9D04ECC723E9F902004FC669 /* PhoneLoginVC.swift */ = {isa = PBXFileReference; lastKnownFileType = sourcecode.swift; path = PhoneLoginVC.swift; sourceTree = "<group>"; };
		9D04ECC923EA14B0004FC669 /* OtpVC.swift */ = {isa = PBXFileReference; lastKnownFileType = sourcecode.swift; path = OtpVC.swift; sourceTree = "<group>"; };
		9DA919EF23E91673008F837C /* myUberClone.app */ = {isa = PBXFileReference; explicitFileType = wrapper.application; includeInIndex = 0; path = myUberClone.app; sourceTree = BUILT_PRODUCTS_DIR; };
		9DA919F223E91673008F837C /* AppDelegate.swift */ = {isa = PBXFileReference; lastKnownFileType = sourcecode.swift; path = AppDelegate.swift; sourceTree = "<group>"; };
		9DA919F423E91673008F837C /* SceneDelegate.swift */ = {isa = PBXFileReference; lastKnownFileType = sourcecode.swift; path = SceneDelegate.swift; sourceTree = "<group>"; };
		9DA919F923E91673008F837C /* Base */ = {isa = PBXFileReference; lastKnownFileType = file.storyboard; name = Base; path = Base.lproj/Main.storyboard; sourceTree = "<group>"; };
		9DA919FB23E91674008F837C /* Assets.xcassets */ = {isa = PBXFileReference; lastKnownFileType = folder.assetcatalog; path = Assets.xcassets; sourceTree = "<group>"; };
		9DA919FE23E91674008F837C /* Base */ = {isa = PBXFileReference; lastKnownFileType = file.storyboard; name = Base; path = Base.lproj/LaunchScreen.storyboard; sourceTree = "<group>"; };
		9DA91A0023E91674008F837C /* Info.plist */ = {isa = PBXFileReference; lastKnownFileType = text.plist.xml; path = Info.plist; sourceTree = "<group>"; };
		9DA91A0B23E9181A008F837C /* LoginVC.swift */ = {isa = PBXFileReference; lastKnownFileType = sourcecode.swift; path = LoginVC.swift; sourceTree = "<group>"; };
		9DA91A0D23E91C77008F837C /* Extensions.swift */ = {isa = PBXFileReference; fileEncoding = 4; lastKnownFileType = sourcecode.swift; path = Extensions.swift; sourceTree = "<group>"; };
/* End PBXFileReference section */

/* Begin PBXFrameworksBuildPhase section */
		9DA919EC23E91673008F837C /* Frameworks */ = {
			isa = PBXFrameworksBuildPhase;
			buildActionMask = 2147483647;
			files = (
				4C6642DEB78C9D6533D3BFC6 /* Pods_myUberClone.framework in Frameworks */,
			);
			runOnlyForDeploymentPostprocessing = 0;
		};
/* End PBXFrameworksBuildPhase section */

/* Begin PBXGroup section */
		9DA919E623E91673008F837C = {
			isa = PBXGroup;
			children = (
				9DA919F123E91673008F837C /* myUberClone */,
				9DA919F023E91673008F837C /* Products */,
				DE8726F34FC2D176C76BFFB5 /* Pods */,
				AEA0F07DEDE5AB246885029D /* Frameworks */,
			);
			sourceTree = "<group>";
		};
		9DA919F023E91673008F837C /* Products */ = {
			isa = PBXGroup;
			children = (
				9DA919EF23E91673008F837C /* myUberClone.app */,
			);
			name = Products;
			sourceTree = "<group>";
		};
		9DA919F123E91673008F837C /* myUberClone */ = {
			isa = PBXGroup;
			children = (
				9DA91A0A23E9177D008F837C /* Utils */,
				9DA91A0923E9176F008F837C /* Service */,
				9DA91A0823E91762008F837C /* Controller */,
				9DA91A0723E91754008F837C /* View */,
				9DA91A0623E9174F008F837C /* Model */,
				9DA919F223E91673008F837C /* AppDelegate.swift */,
				9DA919F423E91673008F837C /* SceneDelegate.swift */,
				9DA919F823E91673008F837C /* Main.storyboard */,
				9DA919FB23E91674008F837C /* Assets.xcassets */,
				9DA919FD23E91674008F837C /* LaunchScreen.storyboard */,
				9DA91A0023E91674008F837C /* Info.plist */,
				9D04ECC423E9ED0E004FC669 /* GoogleService-Info.plist */,
			);
			path = myUberClone;
			sourceTree = "<group>";
		};
		9DA91A0623E9174F008F837C /* Model */ = {
			isa = PBXGroup;
			children = (
			);
			path = Model;
			sourceTree = "<group>";
		};
		9DA91A0723E91754008F837C /* View */ = {
			isa = PBXGroup;
			children = (
			);
			path = View;
			sourceTree = "<group>";
		};
		9DA91A0823E91762008F837C /* Controller */ = {
			isa = PBXGroup;
			children = (
				9DA91A0B23E9181A008F837C /* LoginVC.swift */,
				9D04ECC723E9F902004FC669 /* PhoneLoginVC.swift */,
				9D04ECC923EA14B0004FC669 /* OtpVC.swift */,
			);
			path = Controller;
			sourceTree = "<group>";
		};
		9DA91A0923E9176F008F837C /* Service */ = {
			isa = PBXGroup;
			children = (
			);
			path = Service;
			sourceTree = "<group>";
		};
		9DA91A0A23E9177D008F837C /* Utils */ = {
			isa = PBXGroup;
			children = (
				9DA91A0D23E91C77008F837C /* Extensions.swift */,
			);
			path = Utils;
			sourceTree = "<group>";
		};
		AEA0F07DEDE5AB246885029D /* Frameworks */ = {
			isa = PBXGroup;
			children = (
				32E375528CC7D470F6CC378E /* Pods_myUberClone.framework */,
			);
			name = Frameworks;
			sourceTree = "<group>";
		};
		DE8726F34FC2D176C76BFFB5 /* Pods */ = {
			isa = PBXGroup;
			children = (
				9656F8EE420399709726A90E /* Pods-myUberClone.debug.xcconfig */,
				1A9179197DD5B282A5A9D14F /* Pods-myUberClone.release.xcconfig */,
			);
			path = Pods;
			sourceTree = "<group>";
		};
/* End PBXGroup section */

/* Begin PBXNativeTarget section */
		9DA919EE23E91673008F837C /* myUberClone */ = {
			isa = PBXNativeTarget;
			buildConfigurationList = 9DA91A0323E91674008F837C /* Build configuration list for PBXNativeTarget "myUberClone" */;
			buildPhases = (
				041B01EB80421F3638BDD665 /* [CP] Check Pods Manifest.lock */,
				9DA919EB23E91673008F837C /* Sources */,
				9DA919EC23E91673008F837C /* Frameworks */,
				9DA919ED23E91673008F837C /* Resources */,
				FEA3DC31D1ED72C33B915FD5 /* [CP] Embed Pods Frameworks */,
			);
			buildRules = (
			);
			dependencies = (
			);
			name = myUberClone;
			productName = myUberClone;
			productReference = 9DA919EF23E91673008F837C /* myUberClone.app */;
			productType = "com.apple.product-type.application";
		};
/* End PBXNativeTarget section */

/* Begin PBXProject section */
		9DA919E723E91673008F837C /* Project object */ = {
			isa = PBXProject;
			attributes = {
				LastSwiftUpdateCheck = 1130;
				LastUpgradeCheck = 1130;
				ORGANIZATIONNAME = wentao;
				TargetAttributes = {
					9DA919EE23E91673008F837C = {
						CreatedOnToolsVersion = 11.3;
					};
				};
			};
			buildConfigurationList = 9DA919EA23E91673008F837C /* Build configuration list for PBXProject "myUberClone" */;
			compatibilityVersion = "Xcode 9.3";
			developmentRegion = en;
			hasScannedForEncodings = 0;
			knownRegions = (
				en,
				Base,
			);
			mainGroup = 9DA919E623E91673008F837C;
			productRefGroup = 9DA919F023E91673008F837C /* Products */;
			projectDirPath = "";
			projectRoot = "";
			targets = (
				9DA919EE23E91673008F837C /* myUberClone */,
			);
		};
/* End PBXProject section */

/* Begin PBXResourcesBuildPhase section */
		9DA919ED23E91673008F837C /* Resources */ = {
			isa = PBXResourcesBuildPhase;
			buildActionMask = 2147483647;
			files = (
				9DA919FF23E91674008F837C /* LaunchScreen.storyboard in Resources */,
				9D04ECC523E9ED0E004FC669 /* GoogleService-Info.plist in Resources */,
				9DA919FC23E91674008F837C /* Assets.xcassets in Resources */,
				9DA919FA23E91673008F837C /* Main.storyboard in Resources */,
			);
			runOnlyForDeploymentPostprocessing = 0;
		};
/* End PBXResourcesBuildPhase section */

/* Begin PBXShellScriptBuildPhase section */
		041B01EB80421F3638BDD665 /* [CP] Check Pods Manifest.lock */ = {
			isa = PBXShellScriptBuildPhase;
			buildActionMask = 2147483647;
			files = (
			);
			inputFileListPaths = (
			);
			inputPaths = (
				"${PODS_PODFILE_DIR_PATH}/Podfile.lock",
				"${PODS_ROOT}/Manifest.lock",
			);
			name = "[CP] Check Pods Manifest.lock";
			outputFileListPaths = (
			);
			outputPaths = (
				"$(DERIVED_FILE_DIR)/Pods-myUberClone-checkManifestLockResult.txt",
			);
			runOnlyForDeploymentPostprocessing = 0;
			shellPath = /bin/sh;
			shellScript = "diff \"${PODS_PODFILE_DIR_PATH}/Podfile.lock\" \"${PODS_ROOT}/Manifest.lock\" > /dev/null\nif [ $? != 0 ] ; then\n    # print error to STDERR\n    echo \"error: The sandbox is not in sync with the Podfile.lock. Run 'pod install' or update your CocoaPods installation.\" >&2\n    exit 1\nfi\n# This output is used by Xcode 'outputs' to avoid re-running this script phase.\necho \"SUCCESS\" > \"${SCRIPT_OUTPUT_FILE_0}\"\n";
			showEnvVarsInLog = 0;
		};
		FEA3DC31D1ED72C33B915FD5 /* [CP] Embed Pods Frameworks */ = {
			isa = PBXShellScriptBuildPhase;
			buildActionMask = 2147483647;
			files = (
			);
			inputFileListPaths = (
				"${PODS_ROOT}/Target Support Files/Pods-myUberClone/Pods-myUberClone-frameworks-${CONFIGURATION}-input-files.xcfilelist",
			);
			name = "[CP] Embed Pods Frameworks";
			outputFileListPaths = (
				"${PODS_ROOT}/Target Support Files/Pods-myUberClone/Pods-myUberClone-frameworks-${CONFIGURATION}-output-files.xcfilelist",
			);
			runOnlyForDeploymentPostprocessing = 0;
			shellPath = /bin/sh;
			shellScript = "\"${PODS_ROOT}/Target Support Files/Pods-myUberClone/Pods-myUberClone-frameworks.sh\"\n";
			showEnvVarsInLog = 0;
		};
/* End PBXShellScriptBuildPhase section */

/* Begin PBXSourcesBuildPhase section */
		9DA919EB23E91673008F837C /* Sources */ = {
			isa = PBXSourcesBuildPhase;
			buildActionMask = 2147483647;
			files = (
				9D04ECCA23EA14B0004FC669 /* OtpVC.swift in Sources */,
				9D04ECC823E9F902004FC669 /* PhoneLoginVC.swift in Sources */,
				9DA919F323E91673008F837C /* AppDelegate.swift in Sources */,
				9DA919F523E91673008F837C /* SceneDelegate.swift in Sources */,
				9DA91A0C23E9181A008F837C /* LoginVC.swift in Sources */,
				9DA91A0E23E91C77008F837C /* Extensions.swift in Sources */,
			);
			runOnlyForDeploymentPostprocessing = 0;
		};
/* End PBXSourcesBuildPhase section */

/* Begin PBXVariantGroup section */
		9DA919F823E91673008F837C /* Main.storyboard */ = {
			isa = PBXVariantGroup;
			children = (
				9DA919F923E91673008F837C /* Base */,
			);
			name = Main.storyboard;
			sourceTree = "<group>";
		};
		9DA919FD23E91674008F837C /* LaunchScreen.storyboard */ = {
			isa = PBXVariantGroup;
			children = (
				9DA919FE23E91674008F837C /* Base */,
			);
			name = LaunchScreen.storyboard;
			sourceTree = "<group>";
		};
/* End PBXVariantGroup section */

/* Begin XCBuildConfiguration section */
		9DA91A0123E91674008F837C /* Debug */ = {
			isa = XCBuildConfiguration;
			buildSettings = {
				ALWAYS_SEARCH_USER_PATHS = NO;
				CLANG_ANALYZER_NONNULL = YES;
				CLANG_ANALYZER_NUMBER_OBJECT_CONVERSION = YES_AGGRESSIVE;
				CLANG_CXX_LANGUAGE_STANDARD = "gnu++14";
				CLANG_CXX_LIBRARY = "libc++";
				CLANG_ENABLE_MODULES = YES;
				CLANG_ENABLE_OBJC_ARC = YES;
				CLANG_ENABLE_OBJC_WEAK = YES;
				CLANG_WARN_BLOCK_CAPTURE_AUTORELEASING = YES;
				CLANG_WARN_BOOL_CONVERSION = YES;
				CLANG_WARN_COMMA = YES;
				CLANG_WARN_CONSTANT_CONVERSION = YES;
				CLANG_WARN_DEPRECATED_OBJC_IMPLEMENTATIONS = YES;
				CLANG_WARN_DIRECT_OBJC_ISA_USAGE = YES_ERROR;
				CLANG_WARN_DOCUMENTATION_COMMENTS = YES;
				CLANG_WARN_EMPTY_BODY = YES;
				CLANG_WARN_ENUM_CONVERSION = YES;
				CLANG_WARN_INFINITE_RECURSION = YES;
				CLANG_WARN_INT_CONVERSION = YES;
				CLANG_WARN_NON_LITERAL_NULL_CONVERSION = YES;
				CLANG_WARN_OBJC_IMPLICIT_RETAIN_SELF = YES;
				CLANG_WARN_OBJC_LITERAL_CONVERSION = YES;
				CLANG_WARN_OBJC_ROOT_CLASS = YES_ERROR;
				CLANG_WARN_RANGE_LOOP_ANALYSIS = YES;
				CLANG_WARN_STRICT_PROTOTYPES = YES;
				CLANG_WARN_SUSPICIOUS_MOVE = YES;
				CLANG_WARN_UNGUARDED_AVAILABILITY = YES_AGGRESSIVE;
				CLANG_WARN_UNREACHABLE_CODE = YES;
				CLANG_WARN__DUPLICATE_METHOD_MATCH = YES;
				COPY_PHASE_STRIP = NO;
				DEBUG_INFORMATION_FORMAT = dwarf;
				ENABLE_STRICT_OBJC_MSGSEND = YES;
				ENABLE_TESTABILITY = YES;
				GCC_C_LANGUAGE_STANDARD = gnu11;
				GCC_DYNAMIC_NO_PIC = NO;
				GCC_NO_COMMON_BLOCKS = YES;
				GCC_OPTIMIZATION_LEVEL = 0;
				GCC_PREPROCESSOR_DEFINITIONS = (
					"DEBUG=1",
					"$(inherited)",
				);
				GCC_WARN_64_TO_32_BIT_CONVERSION = YES;
				GCC_WARN_ABOUT_RETURN_TYPE = YES_ERROR;
				GCC_WARN_UNDECLARED_SELECTOR = YES;
				GCC_WARN_UNINITIALIZED_AUTOS = YES_AGGRESSIVE;
				GCC_WARN_UNUSED_FUNCTION = YES;
				GCC_WARN_UNUSED_VARIABLE = YES;
				IPHONEOS_DEPLOYMENT_TARGET = 13.2;
				MTL_ENABLE_DEBUG_INFO = INCLUDE_SOURCE;
				MTL_FAST_MATH = YES;
				ONLY_ACTIVE_ARCH = YES;
				SDKROOT = iphoneos;
				SWIFT_ACTIVE_COMPILATION_CONDITIONS = DEBUG;
				SWIFT_OPTIMIZATION_LEVEL = "-Onone";
			};
			name = Debug;
		};
		9DA91A0223E91674008F837C /* Release */ = {
			isa = XCBuildConfiguration;
			buildSettings = {
				ALWAYS_SEARCH_USER_PATHS = NO;
				CLANG_ANALYZER_NONNULL = YES;
				CLANG_ANALYZER_NUMBER_OBJECT_CONVERSION = YES_AGGRESSIVE;
				CLANG_CXX_LANGUAGE_STANDARD = "gnu++14";
				CLANG_CXX_LIBRARY = "libc++";
				CLANG_ENABLE_MODULES = YES;
				CLANG_ENABLE_OBJC_ARC = YES;
				CLANG_ENABLE_OBJC_WEAK = YES;
				CLANG_WARN_BLOCK_CAPTURE_AUTORELEASING = YES;
				CLANG_WARN_BOOL_CONVERSION = YES;
				CLANG_WARN_COMMA = YES;
				CLANG_WARN_CONSTANT_CONVERSION = YES;
				CLANG_WARN_DEPRECATED_OBJC_IMPLEMENTATIONS = YES;
				CLANG_WARN_DIRECT_OBJC_ISA_USAGE = YES_ERROR;
				CLANG_WARN_DOCUMENTATION_COMMENTS = YES;
				CLANG_WARN_EMPTY_BODY = YES;
				CLANG_WARN_ENUM_CONVERSION = YES;
				CLANG_WARN_INFINITE_RECURSION = YES;
				CLANG_WARN_INT_CONVERSION = YES;
				CLANG_WARN_NON_LITERAL_NULL_CONVERSION = YES;
				CLANG_WARN_OBJC_IMPLICIT_RETAIN_SELF = YES;
				CLANG_WARN_OBJC_LITERAL_CONVERSION = YES;
				CLANG_WARN_OBJC_ROOT_CLASS = YES_ERROR;
				CLANG_WARN_RANGE_LOOP_ANALYSIS = YES;
				CLANG_WARN_STRICT_PROTOTYPES = YES;
				CLANG_WARN_SUSPICIOUS_MOVE = YES;
				CLANG_WARN_UNGUARDED_AVAILABILITY = YES_AGGRESSIVE;
				CLANG_WARN_UNREACHABLE_CODE = YES;
				CLANG_WARN__DUPLICATE_METHOD_MATCH = YES;
				COPY_PHASE_STRIP = NO;
				DEBUG_INFORMATION_FORMAT = "dwarf-with-dsym";
				ENABLE_NS_ASSERTIONS = NO;
				ENABLE_STRICT_OBJC_MSGSEND = YES;
				GCC_C_LANGUAGE_STANDARD = gnu11;
				GCC_NO_COMMON_BLOCKS = YES;
				GCC_WARN_64_TO_32_BIT_CONVERSION = YES;
				GCC_WARN_ABOUT_RETURN_TYPE = YES_ERROR;
				GCC_WARN_UNDECLARED_SELECTOR = YES;
				GCC_WARN_UNINITIALIZED_AUTOS = YES_AGGRESSIVE;
				GCC_WARN_UNUSED_FUNCTION = YES;
				GCC_WARN_UNUSED_VARIABLE = YES;
				IPHONEOS_DEPLOYMENT_TARGET = 13.2;
				MTL_ENABLE_DEBUG_INFO = NO;
				MTL_FAST_MATH = YES;
				SDKROOT = iphoneos;
				SWIFT_COMPILATION_MODE = wholemodule;
				SWIFT_OPTIMIZATION_LEVEL = "-O";
				VALIDATE_PRODUCT = YES;
			};
			name = Release;
		};
		9DA91A0423E91674008F837C /* Debug */ = {
			isa = XCBuildConfiguration;
			baseConfigurationReference = 9656F8EE420399709726A90E /* Pods-myUberClone.debug.xcconfig */;
			buildSettings = {
				ASSETCATALOG_COMPILER_APPICON_NAME = AppIcon;
				CODE_SIGN_STYLE = Automatic;
				DEVELOPMENT_TEAM = G8MRTK77D7;
				INFOPLIST_FILE = myUberClone/Info.plist;
				LD_RUNPATH_SEARCH_PATHS = (
					"$(inherited)",
					"@executable_path/Frameworks",
				);
				PRODUCT_BUNDLE_IDENTIFIER = com.sheldon.myUberClone;
				PRODUCT_NAME = "$(TARGET_NAME)";
				SWIFT_VERSION = 5.0;
				TARGETED_DEVICE_FAMILY = "1,2";
			};
			name = Debug;
		};
		9DA91A0523E91674008F837C /* Release */ = {
			isa = XCBuildConfiguration;
			baseConfigurationReference = 1A9179197DD5B282A5A9D14F /* Pods-myUberClone.release.xcconfig */;
			buildSettings = {
				ASSETCATALOG_COMPILER_APPICON_NAME = AppIcon;
				CODE_SIGN_STYLE = Automatic;
				DEVELOPMENT_TEAM = G8MRTK77D7;
				INFOPLIST_FILE = myUberClone/Info.plist;
				LD_RUNPATH_SEARCH_PATHS = (
					"$(inherited)",
					"@executable_path/Frameworks",
				);
				PRODUCT_BUNDLE_IDENTIFIER = com.sheldon.myUberClone;
				PRODUCT_NAME = "$(TARGET_NAME)";
				SWIFT_VERSION = 5.0;
				TARGETED_DEVICE_FAMILY = "1,2";
			};
			name = Release;
		};
/* End XCBuildConfiguration section */

/* Begin XCConfigurationList section */
		9DA919EA23E91673008F837C /* Build configuration list for PBXProject "myUberClone" */ = {
			isa = XCConfigurationList;
			buildConfigurations = (
				9DA91A0123E91674008F837C /* Debug */,
				9DA91A0223E91674008F837C /* Release */,
			);
			defaultConfigurationIsVisible = 0;
			defaultConfigurationName = Release;
		};
		9DA91A0323E91674008F837C /* Build configuration list for PBXNativeTarget "myUberClone" */ = {
			isa = XCConfigurationList;
			buildConfigurations = (
				9DA91A0423E91674008F837C /* Debug */,
				9DA91A0523E91674008F837C /* Release */,
			);
			defaultConfigurationIsVisible = 0;
			defaultConfigurationName = Release;
		};
/* End XCConfigurationList section */
	};
	rootObject = 9DA919E723E91673008F837C /* Project object */;
}
